
Microsoft Visual Studio Solution File, Format Version 12.00
# Visual Studio Version 17
VisualStudioVersion = 17.6.33723.286
MinimumVisualStudioVersion = 10.0.40219.1
Project("{9A19103F-16F7-4668-BE54-9A1E7A4F7556}") = "1038-NV-CSHARP", "1038-NV-CSHARP\1038-NV-CSHARP.csproj", "{0E4AD49F-E090-459D-A85E-AB4409662A33}"
EndProject
Project("{9A19103F-16F7-4668-BE54-9A1E7A4F7556}") = "Aula3", "Aula3\Aula3.csproj", "{35BCF009-2CDB-453F-B5ED-6B7FB3BE90C8}"
EndProject
Project("{9A19103F-16F7-4668-BE54-9A1E7A4F7556}") = "Aula3.POO", "Aula3.POO\Aula3.POO.csproj", "{2665C7AF-DC7F-4E98-9708-5CE9FE7F1050}"
EndProject
Project("{FAE04EC0-301F-11D3-BF4B-00C04F79EFBC}") = "Aula6.Heranca", "Aula6.Heranca\Aula6.Heranca.csproj", "{24D59114-9522-4D0D-978E-680E0F509691}"
EndProject
Project("{FAE04EC0-301F-11D3-BF4B-00C04F79EFBC}") = "Aula6.Heranca2", "Aula6.Heranca2\Aula6.Heranca2.csproj", "{E5FFAC1A-4459-4FA6-9984-AD9632D085E1}"
EndProject
Global
	GlobalSection(SolutionConfigurationPlatforms) = preSolution
		Debug|Any CPU = Debug|Any CPU
		Release|Any CPU = Release|Any CPU
	EndGlobalSection
	GlobalSection(ProjectConfigurationPlatforms) = postSolution
		{0E4AD49F-E090-459D-A85E-AB4409662A33}.Debug|Any CPU.ActiveCfg = Debug|Any CPU
		{0E4AD49F-E090-459D-A85E-AB4409662A33}.Debug|Any CPU.Build.0 = Debug|Any CPU
		{0E4AD49F-E090-459D-A85E-AB4409662A33}.Release|Any CPU.ActiveCfg = Release|Any CPU
		{0E4AD49F-E090-459D-A85E-AB4409662A33}.Release|Any CPU.Build.0 = Release|Any CPU
		{35BCF009-2CDB-453F-B5ED-6B7FB3BE90C8}.Debug|Any CPU.ActiveCfg = Debug|Any CPU
		{35BCF009-2CDB-453F-B5ED-6B7FB3BE90C8}.Debug|Any CPU.Build.0 = Debug|Any CPU
		{35BCF009-2CDB-453F-B5ED-6B7FB3BE90C8}.Release|Any CPU.ActiveCfg = Release|Any CPU
		{35BCF009-2CDB-453F-B5ED-6B7FB3BE90C8}.Release|Any CPU.Build.0 = Release|Any CPU
		{2665C7AF-DC7F-4E98-9708-5CE9FE7F1050}.Debug|Any CPU.ActiveCfg = Debug|Any CPU
		{2665C7AF-DC7F-4E98-9708-5CE9FE7F1050}.Debug|Any CPU.Build.0 = Debug|Any CPU
		{2665C7AF-DC7F-4E98-9708-5CE9FE7F1050}.Release|Any CPU.ActiveCfg = Release|Any CPU
		{2665C7AF-DC7F-4E98-9708-5CE9FE7F1050}.Release|Any CPU.Build.0 = Release|Any CPU
		{24D59114-9522-4D0D-978E-680E0F509691}.Debug|Any CPU.ActiveCfg = Debug|Any CPU
		{24D59114-9522-4D0D-978E-680E0F509691}.Debug|Any CPU.Build.0 = Debug|Any CPU
		{24D59114-9522-4D0D-978E-680E0F509691}.Release|Any CPU.ActiveCfg = Release|Any CPU
		{24D59114-9522-4D0D-978E-680E0F509691}.Release|Any CPU.Build.0 = Release|Any CPU
		{E5FFAC1A-4459-4FA6-9984-AD9632D085E1}.Debug|Any CPU.ActiveCfg = Debug|Any CPU
		{E5FFAC1A-4459-4FA6-9984-AD9632D085E1}.Debug|Any CPU.Build.0 = Debug|Any CPU
		{E5FFAC1A-4459-4FA6-9984-AD9632D085E1}.Release|Any CPU.ActiveCfg = Release|Any CPU
		{E5FFAC1A-4459-4FA6-9984-AD9632D085E1}.Release|Any CPU.Build.0 = Release|Any CPU
	EndGlobalSection
	GlobalSection(SolutionProperties) = preSolution
		HideSolutionNode = FALSE
	EndGlobalSection
	GlobalSection(ExtensibilityGlobals) = postSolution
		SolutionGuid = {77433A86-E5AE-4689-AE06-A70E2C2ABFCE}
	EndGlobalSection
EndGlobal
